<Solution>
  <Folder Name="/Samples/">
    <Project Path="src/Samples/01_Simple/Simple.csproj" />
    <Project Path="src/Samples/02_SimpleWithMultipleCommands/SimpleWithMultipleCommands.csproj" />
    <Project Path="src/Samples/03_Hosting/Hosting.csproj" />
    <Project Path="src/Samples/04_HostingDependencyInjection/HostingDependencyInjection.csproj" />
    <Project Path="src/Samples/05_CommandGroups/CommandGroups.csproj" />
    <Project Path="src/Samples/06_CustomParsers/CustomParsers.csproj" />
  </Folder>
  <Project Path="src/CommandLineGenerator/CommandLineGenerator.csproj" />
  <Project Path="src/CommandLineHosting/CommandLineHosting.csproj" />
</Solution>
